version = 1
revision = 3
requires-python = ">=3.14"

[manifest]
members = [
    "praticando-python-conjuntos-e-dicionarios",
    "praticando-python-funcoes",
    "praticando-python-strings-e-regex",
    "python",
]

[[package]]
name = "praticando-python-conjuntos-e-dicionarios"
version = "0.1.0"
source = { virtual = "praticando python - conjuntos e dicionarios" }

[[package]]
name = "praticando-python-funcoes"
version = "0.1.0"
source = { virtual = "praticando python - funcoes" }

[[package]]
name = "praticando-python-strings-e-regex"
version = "0.1.0"
source = { virtual = "praticando python - strings e regex" }

[[package]]
name = "python"
version = "0.1.0"
source = { virtual = "." }
